
Microsoft Visual Studio Solution File, Format Version 12.00
# Visual Studio 15
VisualStudioVersion = 15.0.28307.1267
MinimumVisualStudioVersion = 10.0.40219.1
Project("{888888A0-9F3D-457C-B088-3A5042F75D52}") = "DetectingEmotions", "DetectingEmotions\DetectingEmotions.pyproj", "{0E1AD203-F2C5-44A0-8457-64ECCD55E562}"
EndProject
Global
	GlobalSection(SolutionConfigurationPlatforms) = preSolution
		Debug|Any CPU = Debug|Any CPU
		Release|Any CPU = Release|Any CPU
	EndGlobalSection
	GlobalSection(ProjectConfigurationPlatforms) = postSolution
		{0E1AD203-F2C5-44A0-8457-64ECCD55E562}.Debug|Any CPU.ActiveCfg = Debug|Any CPU
		{0E1AD203-F2C5-44A0-8457-64ECCD55E562}.Release|Any CPU.ActiveCfg = Release|Any CPU
	EndGlobalSection
	GlobalSection(SolutionProperties) = preSolution
		HideSolutionNode = FALSE
	EndGlobalSection
	GlobalSection(ExtensibilityGlobals) = postSolution
		SolutionGuid = {F903011B-1EBF-4ECB-8124-CAAD7164BBA7}
	EndGlobalSection
EndGlobal
